# THIS IS AN AUTOGENERATED FILE. DO NOT EDIT THIS FILE DIRECTLY.
# yarn lockfile v1
"@types/angular-mocks@^1.5.5":
  version "1.5.5"
  resolved "https://registry.yarnpkg.com/@types/angular-mocks/-/angular-mocks-1.5.5.tgz#7fd4af2d98968297fe771639cd418734e26d9d26"
  dependencies:
    "@types/angular" "*"

"@types/angular-resource@^1.5.6":
  version "1.5.6"
  resolved "https://registry.yarnpkg.com/@types/angular-resource/-/angular-resource-1.5.6.tgz#cd4dbd37e83c93f245e879ee18ce8b926f0974c7"
  dependencies:
    "@types/angular" "*"

"@types/angular@*", "@types/angular@^1.5.16":
  version "1.5.16"
  resolved "https://registry.yarnpkg.com/@types/angular/-/angular-1.5.16.tgz#02a56754b50dbf9209266b4339031a54317702d9"
  dependencies:
    "@types/jquery" "*"

"@types/jasmine@^2.2.35":
  version "2.5.35"
  resolved "https://registry.yarnpkg.com/@types/jasmine/-/jasmine-2.5.35.tgz#5566406dc8417d380d6c2f9562ec3c71ec28ef78"

"@types/jquery@*", "@types/jquery@^2.0.32":
  version "2.0.33"
  resolved "https://registry.yarnpkg.com/@types/jquery/-/jquery-2.0.33.tgz#684ef3a2e99f6fd2afc52a357e47ae05f51f4f6c"

"@types/ng-dialog@^0.0.31":
  version "0.0.31"
  resolved "https://registry.yarnpkg.com/@types/ng-dialog/-/ng-dialog-0.0.31.tgz#eeb2ef9e8c3d66a4de4a3adc22a8d0878593210d"
  dependencies:
    "@types/angular" "*"

angular-mocks@^1.5.8:
  version "1.5.8"
  resolved "https://registry.yarnpkg.com/angular-mocks/-/angular-mocks-1.5.8.tgz#2e9399056669f286a681396bc35ae0d7c5c70d16"

angular-resource@^1.5.8:
  version "1.5.8"
  resolved "https://registry.yarnpkg.com/angular-resource/-/angular-resource-1.5.8.tgz#abf64dea471aec4296aff0a455ce3c60cd79bd9f"

angular@^1.5.8:
  version "1.5.8"
  resolved "https://registry.yarnpkg.com/angular/-/angular-1.5.8.tgz#925a5392b8c212d09572dc446db7e01264e094cb"

balanced-match@^0.4.1:
  version "0.4.2"
  resolved "https://registry.yarnpkg.com/balanced-match/-/balanced-match-0.4.2.tgz#cb3f3e3c732dc0f01ee70b403f302e61d7709838"

bluebird@3.3.3:
  version "3.3.3"
  resolved "https://registry.yarnpkg.com/bluebird/-/bluebird-3.3.3.tgz#cf96a45d77b9a97a43c46a365c4619f62bf976d0"

brace-expansion@^1.0.0:
  version "1.1.6"
  resolved "https://registry.yarnpkg.com/brace-expansion/-/brace-expansion-1.1.6.tgz#7197d7eaa9b87e648390ea61fc66c84427420df9"
  dependencies:
    balanced-match "^0.4.1"
    concat-map "0.0.1"

concat-map@0.0.1:
  version "0.0.1"
  resolved "https://registry.yarnpkg.com/concat-map/-/concat-map-0.0.1.tgz#d8a96bd77fd68df7793a73036a3ba0d5405d477b"

dts-generator@^2.0.0:
  version "2.0.0"
  resolved "https://registry.yarnpkg.com/dts-generator/-/dts-generator-2.0.0.tgz#d27a4116eaff7009cbbed9de2b933b5c5f7c6b60"
  dependencies:
    bluebird "3.3.3"
    glob "7.0.0"
    mkdirp "0.5.1"

exit@^0.1.2:
  version "0.1.2"
  resolved "https://registry.yarnpkg.com/exit/-/exit-0.1.2.tgz#0632638f8d877cc82107d30a0fff1a17cba1cd0c"

fs.realpath@^1.0.0:
  version "1.0.0"
  resolved "https://registry.yarnpkg.com/fs.realpath/-/fs.realpath-1.0.0.tgz#1504ad2523158caa40db4a2787cb01411994ea4f"

glob@^7.0.6:
  version "7.1.1"
  resolved "https://registry.yarnpkg.com/glob/-/glob-7.1.1.tgz#805211df04faaf1c63a3600306cdf5ade50b2ec8"
  dependencies:
    fs.realpath "^1.0.0"
    inflight "^1.0.4"
    inherits "2"
    minimatch "^3.0.2"
    once "^1.3.0"
    path-is-absolute "^1.0.0"

glob@7.0.0:
  version "7.0.0"
  resolved "https://registry.yarnpkg.com/glob/-/glob-7.0.0.tgz#3b20a357fffcf46bb384aed6f8ae9a647fdb6ac4"
  dependencies:
    inflight "^1.0.4"
    inherits "2"
    minimatch "2 || 3"
    once "^1.3.0"
    path-is-absolute "^1.0.0"

inflight@^1.0.4:
  version "1.0.6"
  resolved "https://registry.yarnpkg.com/inflight/-/inflight-1.0.6.tgz#49bd6331d7d02d0c09bc910a1075ba8165b56df9"
  dependencies:
    once "^1.3.0"
    wrappy "1"

inherits@2:
  version "2.0.3"
  resolved "https://registry.yarnpkg.com/inherits/-/inherits-2.0.3.tgz#633c2c83e3da42a502f52466022480f4208261de"

jasmine-core@~2.5.2:
  version "2.5.2"
  resolved "https://registry.yarnpkg.com/jasmine-core/-/jasmine-core-2.5.2.tgz#6f61bd79061e27f43e6f9355e44b3c6cab6ff297"

jasmine@^2.5.2:
  version "2.5.2"
  resolved "https://registry.yarnpkg.com/jasmine/-/jasmine-2.5.2.tgz#6283cef7085c095cc25d651e954df004f7e3e421"
  dependencies:
    exit "^0.1.2"
    glob "^7.0.6"
    jasmine-core "~2.5.2"

minimatch@^3.0.2, "minimatch@2 || 3":
  version "3.0.3"
  resolved "https://registry.yarnpkg.com/minimatch/-/minimatch-3.0.3.tgz#2a4e4090b96b2db06a9d7df01055a62a77c9b774"
  dependencies:
    brace-expansion "^1.0.0"

minimist@0.0.8:
  version "0.0.8"
  resolved "https://registry.yarnpkg.com/minimist/-/minimist-0.0.8.tgz#857fcabfc3397d2625b8228262e86aa7a011b05d"

mkdirp@0.5.1:
  version "0.5.1"
  resolved "https://registry.yarnpkg.com/mkdirp/-/mkdirp-0.5.1.tgz#30057438eac6cf7f8c4767f38648d6697d75c903"
  dependencies:
    minimist "0.0.8"

ng-dialog@^0.6.4:
  version "0.6.4"
  resolved "https://registry.yarnpkg.com/ng-dialog/-/ng-dialog-0.6.4.tgz#f3eae8adf5eaffbebd6d672928555d4c095296b3"

once@^1.3.0:
  version "1.4.0"
  resolved "https://registry.yarnpkg.com/once/-/once-1.4.0.tgz#583b1aa775961d4b113ac17d9c50baef9dd76bd1"
  dependencies:
    wrappy "1"

path-is-absolute@^1.0.0:
  version "1.0.1"
  resolved "https://registry.yarnpkg.com/path-is-absolute/-/path-is-absolute-1.0.1.tgz#174b9268735534ffbc7ace6bf53a5a9e1b5c5f5f"

typescript@^2.0.3:
  version "2.0.3"
  resolved "https://registry.yarnpkg.com/typescript/-/typescript-2.0.3.tgz#33dec9eae86b8eee327dd419ca050c853cabd514"

wrappy@1:
  version "1.0.2"
  resolved "https://registry.yarnpkg.com/wrappy/-/wrappy-1.0.2.tgz#b5243d8f3ec1aa35f1364605bc0d1036e30ab69f"

